
Microsoft Visual Studio Solution File, Format Version 12.00
# Visual Studio 2015
Project("{FAE04EC0-301F-11D3-BF4B-00C04F79EFBC}") = "BalanceGame.Plugins", "BalanceGame.Plugins.csproj", "{FF5CBBD5-D176-5680-64EC-9B82146B0435}"
EndProject
Project("{FAE04EC0-301F-11D3-BF4B-00C04F79EFBC}") = "BalanceGame", "BalanceGame.csproj", "{A8985A24-8BEE-D547-9610-7A40493153D1}"
EndProject
Project("{FAE04EC0-301F-11D3-BF4B-00C04F79EFBC}") = "BalanceGame.Editor.Plugins", "BalanceGame.Editor.Plugins.csproj", "{DB643419-48E7-CCAA-A5C3-E1165A2756E0}"
EndProject
Global
	GlobalSection(SolutionConfigurationPlatforms) = preSolution
		Debug|Any CPU = Debug|Any CPU
		Release|Any CPU = Release|Any CPU
	EndGlobalSection
	GlobalSection(ProjectConfigurationPlatforms) = postSolution
		{FF5CBBD5-D176-5680-64EC-9B82146B0435}.Debug|Any CPU.ActiveCfg = Debug|Any CPU
		{FF5CBBD5-D176-5680-64EC-9B82146B0435}.Debug|Any CPU.Build.0 = Debug|Any CPU
		{FF5CBBD5-D176-5680-64EC-9B82146B0435}.Release|Any CPU.ActiveCfg = Release|Any CPU
		{FF5CBBD5-D176-5680-64EC-9B82146B0435}.Release|Any CPU.Build.0 = Release|Any CPU
		{A8985A24-8BEE-D547-9610-7A40493153D1}.Debug|Any CPU.ActiveCfg = Debug|Any CPU
		{A8985A24-8BEE-D547-9610-7A40493153D1}.Debug|Any CPU.Build.0 = Debug|Any CPU
		{A8985A24-8BEE-D547-9610-7A40493153D1}.Release|Any CPU.ActiveCfg = Release|Any CPU
		{A8985A24-8BEE-D547-9610-7A40493153D1}.Release|Any CPU.Build.0 = Release|Any CPU
		{DB643419-48E7-CCAA-A5C3-E1165A2756E0}.Debug|Any CPU.ActiveCfg = Debug|Any CPU
		{DB643419-48E7-CCAA-A5C3-E1165A2756E0}.Debug|Any CPU.Build.0 = Debug|Any CPU
		{DB643419-48E7-CCAA-A5C3-E1165A2756E0}.Release|Any CPU.ActiveCfg = Release|Any CPU
		{DB643419-48E7-CCAA-A5C3-E1165A2756E0}.Release|Any CPU.Build.0 = Release|Any CPU
	EndGlobalSection
	GlobalSection(SolutionProperties) = preSolution
		HideSolutionNode = FALSE
	EndGlobalSection
EndGlobal
