
Microsoft Visual Studio Solution File, Format Version 11.00
# Visual Studio 2010
Project("{FAE04EC0-301F-11D3-BF4B-00C04F79EFBC}") = "BalanceGame", "Assembly-CSharp-firstpass.csproj", "{DB94433E-0B58-A4DF-CCF9-0BCFB63141EC}"
EndProject
Project("{FAE04EC0-301F-11D3-BF4B-00C04F79EFBC}") = "BalanceGame", "Assembly-CSharp.csproj", "{BC5E7029-0003-0E0D-0C32-5C228D7E9B4D}"
EndProject
Project("{FAE04EC0-301F-11D3-BF4B-00C04F79EFBC}") = "BalanceGame", "Assembly-CSharp-Editor-firstpass.csproj", "{56DFD61F-139D-0232-D7B0-294175FA2477}"
EndProject
Global
	GlobalSection(SolutionConfigurationPlatforms) = preSolution
		Debug|Any CPU = Debug|Any CPU
		Release|Any CPU = Release|Any CPU
	EndGlobalSection
	GlobalSection(ProjectConfigurationPlatforms) = postSolution
		{DB94433E-0B58-A4DF-CCF9-0BCFB63141EC}.Debug|Any CPU.ActiveCfg = Debug|Any CPU
		{DB94433E-0B58-A4DF-CCF9-0BCFB63141EC}.Debug|Any CPU.Build.0 = Debug|Any CPU
		{DB94433E-0B58-A4DF-CCF9-0BCFB63141EC}.Release|Any CPU.ActiveCfg = Release|Any CPU
		{DB94433E-0B58-A4DF-CCF9-0BCFB63141EC}.Release|Any CPU.Build.0 = Release|Any CPU
		{BC5E7029-0003-0E0D-0C32-5C228D7E9B4D}.Debug|Any CPU.ActiveCfg = Debug|Any CPU
		{BC5E7029-0003-0E0D-0C32-5C228D7E9B4D}.Debug|Any CPU.Build.0 = Debug|Any CPU
		{BC5E7029-0003-0E0D-0C32-5C228D7E9B4D}.Release|Any CPU.ActiveCfg = Release|Any CPU
		{BC5E7029-0003-0E0D-0C32-5C228D7E9B4D}.Release|Any CPU.Build.0 = Release|Any CPU
		{56DFD61F-139D-0232-D7B0-294175FA2477}.Debug|Any CPU.ActiveCfg = Debug|Any CPU
		{56DFD61F-139D-0232-D7B0-294175FA2477}.Debug|Any CPU.Build.0 = Debug|Any CPU
		{56DFD61F-139D-0232-D7B0-294175FA2477}.Release|Any CPU.ActiveCfg = Release|Any CPU
		{56DFD61F-139D-0232-D7B0-294175FA2477}.Release|Any CPU.Build.0 = Release|Any CPU
	EndGlobalSection
	GlobalSection(SolutionProperties) = preSolution
		HideSolutionNode = FALSE
	EndGlobalSection
	GlobalSection(MonoDevelopProperties) = preSolution
		StartupItem = Assembly-CSharp.csproj
	EndGlobalSection
EndGlobal
